{
  "nodes": {
    "home-manager": {
      "inputs": {
        "nixpkgs": [
          "nixpkgs"
        ],
        "utils": "utils"
      },
      "locked": {
        "lastModified": 1657621596,
        "narHash": "sha256-lRd1RHpuSaCvkXSLBV/eTW0cKt4pj51yW0d62Yg9dAs=",
        "owner": "nix-community",
        "repo": "home-manager",
        "rev": "1e66e035e18ca02d72ebbbc83e4e75fa0acdf1af",
        "type": "github"
      },
      "original": {
        "owner": "nix-community",
        "repo": "home-manager",
        "type": "github"
      }
    },
    "nix-darwin": {
      "inputs": {
        "nixpkgs": [
          "nixpkgs"
        ]
      },
      "locked": {
        "lastModified": 1651916036,
        "narHash": "sha256-UuD9keUGm4IuVEV6wdSYbuRm7CwfXE63hVkzKDjVsh4=",
        "owner": "lnl7",
        "repo": "nix-darwin",
        "rev": "2f2bdf658d2b79bada78dc914af99c53cad37cba",
        "type": "github"
      },
      "original": {
        "owner": "lnl7",
        "repo": "nix-darwin",
        "type": "github"
      }
    },
    "nixpkgs": {
      "locked": {
        "lastModified": 1657447684,
        "narHash": "sha256-FCP9AuU1q6PE3vOeM5SFf58f/UKPBAsoSGDUGamNBbo=",
        "owner": "nixos",
        "repo": "nixpkgs",
        "rev": "5f43d8b088d3771274bcfb69d3c7435b1121ac88",
        "type": "github"
      },
      "original": {
        "owner": "nixos",
        "ref": "nixos-unstable",
        "repo": "nixpkgs",
        "type": "github"
      }
    },
    "nixpkgs_2": {
      "locked": {
        "lastModified": 1657532632,
        "narHash": "sha256-uEwe1CAQxb0eOWIwxQ3zpMs/llshirlrCXZQz6vkYQU=",
        "owner": "NixOS",
        "repo": "nixpkgs",
        "rev": "85deee6d6c8127d360096a5caa0aeb876b976496",
        "type": "github"
      },
      "original": {
        "owner": "NixOS",
        "ref": "nixpkgs-unstable",
        "repo": "nixpkgs",
        "type": "github"
      }
    },
    "nur-packages": {
      "inputs": {
        "nixpkgs": "nixpkgs_2"
      },
      "locked": {
        "lastModified": 1657633987,
        "narHash": "sha256-8FKHPs/hcYE0YPqQxdU2uEmkwwYLkFjJ2CvelAhC/fw=",
        "owner": "wegank",
        "repo": "nur-packages",
        "rev": "06b815235ea1c7bf7ec108aebdfe7fda4b758d63",
        "type": "github"
      },
      "original": {
        "owner": "wegank",
        "repo": "nur-packages",
        "type": "github"
      }
    },
    "root": {
      "inputs": {
        "home-manager": "home-manager",
        "nix-darwin": "nix-darwin",
        "nixpkgs": "nixpkgs",
        "nur-packages": "nur-packages"
      }
    },
    "utils": {
      "locked": {
        "lastModified": 1653893745,
        "narHash": "sha256-0jntwV3Z8//YwuOjzhV2sgJJPt+HY6KhU7VZUL0fKZQ=",
        "owner": "numtide",
        "repo": "flake-utils",
        "rev": "1ed9fb1935d260de5fe1c2f7ee0ebaae17ed2fa1",
        "type": "github"
      },
      "original": {
        "owner": "numtide",
        "repo": "flake-utils",
        "type": "github"
      }
    }
  },
  "root": "root",
  "version": 7
}
