{
  "nodes": {
    "nixpkgs": {
      "locked": {
        "lastModified": 1658015103,
        "narHash": "sha256-mO+23f3SO+fBzEvbxRe6GkSB5Xp43CT2sV8Rs8MYdz8=",
        "owner": "NixOS",
        "repo": "nixpkgs",
        "rev": "8f485713f5e6b6883a9b6959afa98688360a3ecb",
        "type": "github"
      },
      "original": {
        "owner": "NixOS",
        "ref": "nixos-unstable",
        "repo": "nixpkgs",
        "type": "github"
      }
    },
    "nixpkgs_2": {
      "locked": {
        "lastModified": 1657532632,
        "narHash": "sha256-uEwe1CAQxb0eOWIwxQ3zpMs/llshirlrCXZQz6vkYQU=",
        "owner": "NixOS",
        "repo": "nixpkgs",
        "rev": "85deee6d6c8127d360096a5caa0aeb876b976496",
        "type": "github"
      },
      "original": {
        "owner": "NixOS",
        "ref": "nixpkgs-unstable",
        "repo": "nixpkgs",
        "type": "github"
      }
    },
    "nur-packages": {
      "inputs": {
        "nixpkgs": "nixpkgs_2"
      },
      "locked": {
        "lastModified": 1658119617,
        "narHash": "sha256-sDUqh3/1sJxmVnF9ua8ecqWSPafm6koWlHoiRCfVUdY=",
        "owner": "wegank",
        "repo": "nur-packages",
        "rev": "6688400fd532ec488c8cb9e3bde1bf96dca3c793",
        "type": "github"
      },
      "original": {
        "owner": "wegank",
        "repo": "nur-packages",
        "type": "github"
      }
    },
    "root": {
      "inputs": {
        "nixpkgs": "nixpkgs",
        "nur-packages": "nur-packages"
      }
    }
  },
  "root": "root",
  "version": 7
}
