{
  "nodes": {
    "nixpkgs": {
      "locked": {
        "lastModified": 1657020478,
        "narHash": "sha256-sU5hXEGcOcvz2xoPAuNLBQJLXjwvPpTkoddyXE8gw20=",
        "owner": "NixOS",
        "repo": "nixpkgs",
        "rev": "71a4f0dc3d80ba76f437c888c1c3d59f1df98163",
        "type": "github"
      },
      "original": {
        "owner": "NixOS",
        "ref": "nixos-unstable",
        "repo": "nixpkgs",
        "type": "github"
      }
    },
    "nixpkgs_2": {
      "locked": {
        "lastModified": 1624561540,
        "narHash": "sha256-izJ2PYZMGMsSkg+e7c9A1x3t/yOLT+qzUM6WQsc2tqo=",
        "owner": "NixOS",
        "repo": "nixpkgs",
        "rev": "c6a049a3d32293b24c0f894a840872cf67fd7c11",
        "type": "github"
      },
      "original": {
        "owner": "NixOS",
        "ref": "nixpkgs-unstable",
        "repo": "nixpkgs",
        "type": "github"
      }
    },
    "nur-packages": {
      "inputs": {
        "nixpkgs": "nixpkgs_2"
      },
      "locked": {
        "lastModified": 1657186837,
        "narHash": "sha256-+tkC0FeH8Mla73ztGdjT0NZAEL9qXDbbW8Xo24WW8WI=",
        "owner": "wegank",
        "repo": "nur-packages",
        "rev": "88fb1feff2a32a4341c33ad0e6f2877eb0fff900",
        "type": "github"
      },
      "original": {
        "owner": "wegank",
        "repo": "nur-packages",
        "type": "github"
      }
    },
    "root": {
      "inputs": {
        "nixpkgs": "nixpkgs",
        "nur-packages": "nur-packages"
      }
    }
  },
  "root": "root",
  "version": 7
}
